// !$*UTF8*$!
{
	archiveVersion = 1;
	classes = {
	};
	objectVersion = 46;
	objects = {

/* Begin PBXBuildFile section */
		54ADD2118A237BEC83FDAA8B /* libPods-LeChat.a in Frameworks */ = {isa = PBXBuildFile; fileRef = 2995378B1109F5F3990244A6 /* libPods-LeChat.a */; };
		624E89791E4C69C10068ED6B /* libReact.a in Frameworks */ = {isa = PBXBuildFile; fileRef = 624E89781E4C69C10068ED6B /* libReact.a */; };
		624E897C1E519E430068ED6B /* index.ios.js in Resources */ = {isa = PBXBuildFile; fileRef = 624E897B1E519E430068ED6B /* index.ios.js */; };
		6275B2D81E4AEA0C0001B5F3 /* main.m in Sources */ = {isa = PBXBuildFile; fileRef = 6275B2D71E4AEA0C0001B5F3 /* main.m */; };
		6275B2DB1E4AEA0C0001B5F3 /* AppDelegate.m in Sources */ = {isa = PBXBuildFile; fileRef = 6275B2DA1E4AEA0C0001B5F3 /* AppDelegate.m */; };
		6275B2E31E4AEA0C0001B5F3 /* Assets.xcassets in Resources */ = {isa = PBXBuildFile; fileRef = 6275B2E21E4AEA0C0001B5F3 /* Assets.xcassets */; };
		62DA9A6F1E52AD44007B59CE /* HomeViewController.m in Sources */ = {isa = PBXBuildFile; fileRef = 62DA9A6E1E52AD44007B59CE /* HomeViewController.m */; };
		62DA9A721E52AD63007B59CE /* ReactNativeViewController.m in Sources */ = {isa = PBXBuildFile; fileRef = 62DA9A711E52AD62007B59CE /* ReactNativeViewController.m */; };
/* End PBXBuildFile section */

/* Begin PBXFileReference section */
		2995378B1109F5F3990244A6 /* libPods-LeChat.a */ = {isa = PBXFileReference; explicitFileType = archive.ar; includeInIndex = 0; path = "libPods-LeChat.a"; sourceTree = BUILT_PRODUCTS_DIR; };
		624E89781E4C69C10068ED6B /* libReact.a */ = {isa = PBXFileReference; lastKnownFileType = archive.ar; name = libReact.a; path = "../../../../../../Library/Developer/Xcode/DerivedData/LeChat-ddivbswzwlikuufnhcbfkjdlkqio/Build/Products/Debug-iphonesimulator/React/libReact.a"; sourceTree = "<group>"; };
		624E897B1E519E430068ED6B /* index.ios.js */ = {isa = PBXFileReference; fileEncoding = 4; lastKnownFileType = sourcecode.javascript; name = index.ios.js; path = React/index.ios.js; sourceTree = "<group>"; };
		6275B2D31E4AEA0C0001B5F3 /* LeChat.app */ = {isa = PBXFileReference; explicitFileType = wrapper.application; includeInIndex = 0; path = LeChat.app; sourceTree = BUILT_PRODUCTS_DIR; };
		6275B2D71E4AEA0C0001B5F3 /* main.m */ = {isa = PBXFileReference; lastKnownFileType = sourcecode.c.objc; path = main.m; sourceTree = "<group>"; };
		6275B2D91E4AEA0C0001B5F3 /* AppDelegate.h */ = {isa = PBXFileReference; lastKnownFileType = sourcecode.c.h; path = AppDelegate.h; sourceTree = "<group>"; };
		6275B2DA1E4AEA0C0001B5F3 /* AppDelegate.m */ = {isa = PBXFileReference; lastKnownFileType = sourcecode.c.objc; path = AppDelegate.m; sourceTree = "<group>"; };
		6275B2E21E4AEA0C0001B5F3 /* Assets.xcassets */ = {isa = PBXFileReference; lastKnownFileType = folder.assetcatalog; path = Assets.xcassets; sourceTree = "<group>"; };
		6275B2E71E4AEA0C0001B5F3 /* Info.plist */ = {isa = PBXFileReference; lastKnownFileType = text.plist.xml; path = Info.plist; sourceTree = "<group>"; };
		62DA9A6D1E52AD44007B59CE /* HomeViewController.h */ = {isa = PBXFileReference; fileEncoding = 4; lastKnownFileType = sourcecode.c.h; name = HomeViewController.h; path = ViewControllers/HomeViewController.h; sourceTree = "<group>"; };
		62DA9A6E1E52AD44007B59CE /* HomeViewController.m */ = {isa = PBXFileReference; fileEncoding = 4; lastKnownFileType = sourcecode.c.objc; name = HomeViewController.m; path = ViewControllers/HomeViewController.m; sourceTree = "<group>"; };
		62DA9A701E52AD62007B59CE /* ReactNativeViewController.h */ = {isa = PBXFileReference; fileEncoding = 4; lastKnownFileType = sourcecode.c.h; name = ReactNativeViewController.h; path = ViewControllers/ReactNativeViewController.h; sourceTree = "<group>"; };
		62DA9A711E52AD62007B59CE /* ReactNativeViewController.m */ = {isa = PBXFileReference; fileEncoding = 4; lastKnownFileType = sourcecode.c.objc; name = ReactNativeViewController.m; path = ViewControllers/ReactNativeViewController.m; sourceTree = "<group>"; };
		8A3D34888820E6146C82E015 /* Pods-LeChat.debug.xcconfig */ = {isa = PBXFileReference; includeInIndex = 1; lastKnownFileType = text.xcconfig; name = "Pods-LeChat.debug.xcconfig"; path = "../SDKs/CocoaPods/Pods/Target Support Files/Pods-LeChat/Pods-LeChat.debug.xcconfig"; sourceTree = "<group>"; };
		E4D2A9B5F569BA90B96311CD /* Pods-LeChat.release.xcconfig */ = {isa = PBXFileReference; includeInIndex = 1; lastKnownFileType = text.xcconfig; name = "Pods-LeChat.release.xcconfig"; path = "../SDKs/CocoaPods/Pods/Target Support Files/Pods-LeChat/Pods-LeChat.release.xcconfig"; sourceTree = "<group>"; };
/* End PBXFileReference section */

/* Begin PBXFrameworksBuildPhase section */
		6275B2D01E4AEA0C0001B5F3 /* Frameworks */ = {
			isa = PBXFrameworksBuildPhase;
			buildActionMask = 2147483647;
			files = (
				624E89791E4C69C10068ED6B /* libReact.a in Frameworks */,
				54ADD2118A237BEC83FDAA8B /* libPods-LeChat.a in Frameworks */,
			);
			runOnlyForDeploymentPostprocessing = 0;
		};
/* End PBXFrameworksBuildPhase section */

/* Begin PBXGroup section */
		624E897A1E519E230068ED6B /* ReactNative Views */ = {
			isa = PBXGroup;
			children = (
				624E897B1E519E430068ED6B /* index.ios.js */,
			);
			name = "ReactNative Views";
			sourceTree = "<group>";
		};
		6275B2CA1E4AEA0C0001B5F3 = {
			isa = PBXGroup;
			children = (
				6275B2D51E4AEA0C0001B5F3 /* LeChat */,
				624E897A1E519E230068ED6B /* ReactNative Views */,
				6275B2D41E4AEA0C0001B5F3 /* Products */,
				EDF97D5D1054B5E38180E32F /* Pods */,
				CF4F510DAA9752E0D5332074 /* Frameworks */,
			);
			sourceTree = "<group>";
		};
		6275B2D41E4AEA0C0001B5F3 /* Products */ = {
			isa = PBXGroup;
			children = (
				6275B2D31E4AEA0C0001B5F3 /* LeChat.app */,
			);
			name = Products;
			sourceTree = "<group>";
		};
		6275B2D51E4AEA0C0001B5F3 /* LeChat */ = {
			isa = PBXGroup;
			children = (
				62DA9A6A1E52AD0B007B59CE /* ViewControllers */,
				6275B2D91E4AEA0C0001B5F3 /* AppDelegate.h */,
				6275B2DA1E4AEA0C0001B5F3 /* AppDelegate.m */,
				6275B2E21E4AEA0C0001B5F3 /* Assets.xcassets */,
				6275B2E71E4AEA0C0001B5F3 /* Info.plist */,
				6275B2D61E4AEA0C0001B5F3 /* Supporting Files */,
			);
			path = LeChat;
			sourceTree = "<group>";
		};
		6275B2D61E4AEA0C0001B5F3 /* Supporting Files */ = {
			isa = PBXGroup;
			children = (
				6275B2D71E4AEA0C0001B5F3 /* main.m */,
			);
			name = "Supporting Files";
			sourceTree = "<group>";
		};
		62DA9A6A1E52AD0B007B59CE /* ViewControllers */ = {
			isa = PBXGroup;
			children = (
				62DA9A6D1E52AD44007B59CE /* HomeViewController.h */,
				62DA9A6E1E52AD44007B59CE /* HomeViewController.m */,
				62DA9A701E52AD62007B59CE /* ReactNativeViewController.h */,
				62DA9A711E52AD62007B59CE /* ReactNativeViewController.m */,
			);
			name = ViewControllers;
			sourceTree = "<group>";
		};
		CF4F510DAA9752E0D5332074 /* Frameworks */ = {
			isa = PBXGroup;
			children = (
				624E89781E4C69C10068ED6B /* libReact.a */,
				2995378B1109F5F3990244A6 /* libPods-LeChat.a */,
			);
			name = Frameworks;
			sourceTree = "<group>";
		};
		EDF97D5D1054B5E38180E32F /* Pods */ = {
			isa = PBXGroup;
			children = (
				8A3D34888820E6146C82E015 /* Pods-LeChat.debug.xcconfig */,
				E4D2A9B5F569BA90B96311CD /* Pods-LeChat.release.xcconfig */,
			);
			name = Pods;
			sourceTree = "<group>";
		};
/* End PBXGroup section */

/* Begin PBXNativeTarget section */
		6275B2D21E4AEA0C0001B5F3 /* LeChat */ = {
			isa = PBXNativeTarget;
			buildConfigurationList = 6275B2EA1E4AEA0C0001B5F3 /* Build configuration list for PBXNativeTarget "LeChat" */;
			buildPhases = (
				79C9B8ABDB72EE81450068BC /* [CP] Check Pods Manifest.lock */,
				6275B2CF1E4AEA0C0001B5F3 /* Sources */,
				6275B2D01E4AEA0C0001B5F3 /* Frameworks */,
				6275B2D11E4AEA0C0001B5F3 /* Resources */,
				A0D5ACE6CF34082989C2AA34 /* [CP] Embed Pods Frameworks */,
				D940E8D349C0C86282E63F5B /* [CP] Copy Pods Resources */,
				6249D90B1E4C3B250094F966 /* React native */,
			);
			buildRules = (
			);
			dependencies = (
			);
			name = LeChat;
			productName = LeChat;
			productReference = 6275B2D31E4AEA0C0001B5F3 /* LeChat.app */;
			productType = "com.apple.product-type.application";
		};
/* End PBXNativeTarget section */

/* Begin PBXProject section */
		6275B2CB1E4AEA0C0001B5F3 /* Project object */ = {
			isa = PBXProject;
			attributes = {
				LastUpgradeCheck = 0810;
				ORGANIZATIONNAME = letron;
				TargetAttributes = {
					6275B2D21E4AEA0C0001B5F3 = {
						CreatedOnToolsVersion = 8.1;
						ProvisioningStyle = Automatic;
					};
				};
			};
			buildConfigurationList = 6275B2CE1E4AEA0C0001B5F3 /* Build configuration list for PBXProject "LeChat" */;
			compatibilityVersion = "Xcode 3.2";
			developmentRegion = English;
			hasScannedForEncodings = 0;
			knownRegions = (
				en,
				Base,
			);
			mainGroup = 6275B2CA1E4AEA0C0001B5F3;
			productRefGroup = 6275B2D41E4AEA0C0001B5F3 /* Products */;
			projectDirPath = "";
			projectRoot = "";
			targets = (
				6275B2D21E4AEA0C0001B5F3 /* LeChat */,
			);
		};
/* End PBXProject section */

/* Begin PBXResourcesBuildPhase section */
		6275B2D11E4AEA0C0001B5F3 /* Resources */ = {
			isa = PBXResourcesBuildPhase;
			buildActionMask = 2147483647;
			files = (
				624E897C1E519E430068ED6B /* index.ios.js in Resources */,
				6275B2E31E4AEA0C0001B5F3 /* Assets.xcassets in Resources */,
			);
			runOnlyForDeploymentPostprocessing = 0;
		};
/* End PBXResourcesBuildPhase section */

/* Begin PBXShellScriptBuildPhase section */
		6249D90B1E4C3B250094F966 /* React native */ = {
			isa = PBXShellScriptBuildPhase;
			buildActionMask = 2147483647;
			files = (
			);
			inputPaths = (
			);
			name = "React native";
			outputPaths = (
			);
			runOnlyForDeploymentPostprocessing = 0;
			shellPath = /bin/sh;
			shellScript = "";
		};
		79C9B8ABDB72EE81450068BC /* [CP] Check Pods Manifest.lock */ = {
			isa = PBXShellScriptBuildPhase;
			buildActionMask = 2147483647;
			files = (
			);
			inputPaths = (
			);
			name = "[CP] Check Pods Manifest.lock";
			outputPaths = (
			);
			runOnlyForDeploymentPostprocessing = 0;
			shellPath = /bin/sh;
			shellScript = "diff \"${PODS_ROOT}/../Podfile.lock\" \"${PODS_ROOT}/Manifest.lock\" > /dev/null\nif [ $? != 0 ] ; then\n    # print error to STDERR\n    echo \"error: The sandbox is not in sync with the Podfile.lock. Run 'pod install' or update your CocoaPods installation.\" >&2\n    exit 1\nfi\n";
			showEnvVarsInLog = 0;
		};
		A0D5ACE6CF34082989C2AA34 /* [CP] Embed Pods Frameworks */ = {
			isa = PBXShellScriptBuildPhase;
			buildActionMask = 2147483647;
			files = (
			);
			inputPaths = (
			);
			name = "[CP] Embed Pods Frameworks";
			outputPaths = (
			);
			runOnlyForDeploymentPostprocessing = 0;
			shellPath = /bin/sh;
			shellScript = "\"${SRCROOT}/../SDKs/CocoaPods/Pods/Target Support Files/Pods-LeChat/Pods-LeChat-frameworks.sh\"\n";
			showEnvVarsInLog = 0;
		};
		D940E8D349C0C86282E63F5B /* [CP] Copy Pods Resources */ = {
			isa = PBXShellScriptBuildPhase;
			buildActionMask = 2147483647;
			files = (
			);
			inputPaths = (
			);
			name = "[CP] Copy Pods Resources";
			outputPaths = (
			);
			runOnlyForDeploymentPostprocessing = 0;
			shellPath = /bin/sh;
			shellScript = "\"${SRCROOT}/../SDKs/CocoaPods/Pods/Target Support Files/Pods-LeChat/Pods-LeChat-resources.sh\"\n";
			showEnvVarsInLog = 0;
		};
/* End PBXShellScriptBuildPhase section */

/* Begin PBXSourcesBuildPhase section */
		6275B2CF1E4AEA0C0001B5F3 /* Sources */ = {
			isa = PBXSourcesBuildPhase;
			buildActionMask = 2147483647;
			files = (
				6275B2DB1E4AEA0C0001B5F3 /* AppDelegate.m in Sources */,
				6275B2D81E4AEA0C0001B5F3 /* main.m in Sources */,
				62DA9A721E52AD63007B59CE /* ReactNativeViewController.m in Sources */,
				62DA9A6F1E52AD44007B59CE /* HomeViewController.m in Sources */,
			);
			runOnlyForDeploymentPostprocessing = 0;
		};
/* End PBXSourcesBuildPhase section */

/* Begin XCBuildConfiguration section */
		6275B2E81E4AEA0C0001B5F3 /* Debug */ = {
			isa = XCBuildConfiguration;
			buildSettings = {
				ALWAYS_SEARCH_USER_PATHS = NO;
				CLANG_ANALYZER_NONNULL = YES;
				CLANG_CXX_LANGUAGE_STANDARD = "gnu++0x";
				CLANG_CXX_LIBRARY = "libc++";
				CLANG_ENABLE_MODULES = YES;
				CLANG_ENABLE_OBJC_ARC = YES;
				CLANG_WARN_BOOL_CONVERSION = YES;
				CLANG_WARN_CONSTANT_CONVERSION = YES;
				CLANG_WARN_DIRECT_OBJC_ISA_USAGE = YES_ERROR;
				CLANG_WARN_DOCUMENTATION_COMMENTS = YES;
				CLANG_WARN_EMPTY_BODY = YES;
				CLANG_WARN_ENUM_CONVERSION = YES;
				CLANG_WARN_INFINITE_RECURSION = YES;
				CLANG_WARN_INT_CONVERSION = YES;
				CLANG_WARN_OBJC_ROOT_CLASS = YES_ERROR;
				CLANG_WARN_SUSPICIOUS_MOVES = YES;
				CLANG_WARN_UNREACHABLE_CODE = YES;
				CLANG_WARN__DUPLICATE_METHOD_MATCH = YES;
				"CODE_SIGN_IDENTITY[sdk=iphoneos*]" = "iPhone Developer";
				COPY_PHASE_STRIP = NO;
				DEBUG_INFORMATION_FORMAT = dwarf;
				ENABLE_STRICT_OBJC_MSGSEND = YES;
				ENABLE_TESTABILITY = YES;
				GCC_C_LANGUAGE_STANDARD = gnu99;
				GCC_DYNAMIC_NO_PIC = NO;
				GCC_NO_COMMON_BLOCKS = YES;
				GCC_OPTIMIZATION_LEVEL = 0;
				GCC_PREPROCESSOR_DEFINITIONS = (
					"DEBUG=1",
					"$(inherited)",
				);
				GCC_WARN_64_TO_32_BIT_CONVERSION = YES;
				GCC_WARN_ABOUT_RETURN_TYPE = YES_ERROR;
				GCC_WARN_UNDECLARED_SELECTOR = YES;
				GCC_WARN_UNINITIALIZED_AUTOS = YES_AGGRESSIVE;
				GCC_WARN_UNUSED_FUNCTION = YES;
				GCC_WARN_UNUSED_VARIABLE = YES;
				IPHONEOS_DEPLOYMENT_TARGET = 10.1;
				MTL_ENABLE_DEBUG_INFO = YES;
				ONLY_ACTIVE_ARCH = YES;
				SDKROOT = iphoneos;
			};
			name = Debug;
		};
		6275B2E91E4AEA0C0001B5F3 /* Release */ = {
			isa = XCBuildConfiguration;
			buildSettings = {
				ALWAYS_SEARCH_USER_PATHS = NO;
				CLANG_ANALYZER_NONNULL = YES;
				CLANG_CXX_LANGUAGE_STANDARD = "gnu++0x";
				CLANG_CXX_LIBRARY = "libc++";
				CLANG_ENABLE_MODULES = YES;
				CLANG_ENABLE_OBJC_ARC = YES;
				CLANG_WARN_BOOL_CONVERSION = YES;
				CLANG_WARN_CONSTANT_CONVERSION = YES;
				CLANG_WARN_DIRECT_OBJC_ISA_USAGE = YES_ERROR;
				CLANG_WARN_DOCUMENTATION_COMMENTS = YES;
				CLANG_WARN_EMPTY_BODY = YES;
				CLANG_WARN_ENUM_CONVERSION = YES;
				CLANG_WARN_INFINITE_RECURSION = YES;
				CLANG_WARN_INT_CONVERSION = YES;
				CLANG_WARN_OBJC_ROOT_CLASS = YES_ERROR;
				CLANG_WARN_SUSPICIOUS_MOVES = YES;
				CLANG_WARN_UNREACHABLE_CODE = YES;
				CLANG_WARN__DUPLICATE_METHOD_MATCH = YES;
				"CODE_SIGN_IDENTITY[sdk=iphoneos*]" = "iPhone Developer";
				COPY_PHASE_STRIP = NO;
				DEBUG_INFORMATION_FORMAT = "dwarf-with-dsym";
				ENABLE_NS_ASSERTIONS = NO;
				ENABLE_STRICT_OBJC_MSGSEND = YES;
				GCC_C_LANGUAGE_STANDARD = gnu99;
				GCC_NO_COMMON_BLOCKS = YES;
				GCC_WARN_64_TO_32_BIT_CONVERSION = YES;
				GCC_WARN_ABOUT_RETURN_TYPE = YES_ERROR;
				GCC_WARN_UNDECLARED_SELECTOR = YES;
				GCC_WARN_UNINITIALIZED_AUTOS = YES_AGGRESSIVE;
				GCC_WARN_UNUSED_FUNCTION = YES;
				GCC_WARN_UNUSED_VARIABLE = YES;
				IPHONEOS_DEPLOYMENT_TARGET = 10.1;
				MTL_ENABLE_DEBUG_INFO = NO;
				SDKROOT = iphoneos;
				VALIDATE_PRODUCT = YES;
			};
			name = Release;
		};
		6275B2EB1E4AEA0C0001B5F3 /* Debug */ = {
			isa = XCBuildConfiguration;
			baseConfigurationReference = 8A3D34888820E6146C82E015 /* Pods-LeChat.debug.xcconfig */;
			buildSettings = {
				ASSETCATALOG_COMPILER_APPICON_NAME = AppIcon;
				INFOPLIST_FILE = LeChat/Info.plist;
				LD_RUNPATH_SEARCH_PATHS = "$(inherited) @executable_path/Frameworks";
				PRODUCT_BUNDLE_IDENTIFIER = letron.com.LeChat;
				PRODUCT_NAME = "$(TARGET_NAME)";
				USER_HEADER_SEARCH_PATHS = "$(SRCROOT)/Pods/React/Libraries/** $(SRCROOT)/Pods/React/React/**";
			};
			name = Debug;
		};
		6275B2EC1E4AEA0C0001B5F3 /* Release */ = {
			isa = XCBuildConfiguration;
			baseConfigurationReference = E4D2A9B5F569BA90B96311CD /* Pods-LeChat.release.xcconfig */;
			buildSettings = {
				ASSETCATALOG_COMPILER_APPICON_NAME = AppIcon;
				INFOPLIST_FILE = LeChat/Info.plist;
				LD_RUNPATH_SEARCH_PATHS = "$(inherited) @executable_path/Frameworks";
				PRODUCT_BUNDLE_IDENTIFIER = letron.com.LeChat;
				PRODUCT_NAME = "$(TARGET_NAME)";
				USER_HEADER_SEARCH_PATHS = "$(SRCROOT)/Pods/React/Libraries/** $(SRCROOT)/Pods/React/React/**";
			};
			name = Release;
		};
/* End XCBuildConfiguration section */

/* Begin XCConfigurationList section */
		6275B2CE1E4AEA0C0001B5F3 /* Build configuration list for PBXProject "LeChat" */ = {
			isa = XCConfigurationList;
			buildConfigurations = (
				6275B2E81E4AEA0C0001B5F3 /* Debug */,
				6275B2E91E4AEA0C0001B5F3 /* Release */,
			);
			defaultConfigurationIsVisible = 0;
			defaultConfigurationName = Release;
		};
		6275B2EA1E4AEA0C0001B5F3 /* Build configuration list for PBXNativeTarget "LeChat" */ = {
			isa = XCConfigurationList;
			buildConfigurations = (
				6275B2EB1E4AEA0C0001B5F3 /* Debug */,
				6275B2EC1E4AEA0C0001B5F3 /* Release */,
			);
			defaultConfigurationIsVisible = 0;
			defaultConfigurationName = Release;
		};
/* End XCConfigurationList section */
	};
	rootObject = 6275B2CB1E4AEA0C0001B5F3 /* Project object */;
}
